
Microsoft Visual Studio Solution File, Format Version 12.00
# Visual Studio Version 17
VisualStudioVersion = 17.14.36310.24 d17.14
MinimumVisualStudioVersion = 10.0.40219.1
Project("{FAE04EC0-301F-11D3-BF4B-00C04F79EFBC}") = "CalculoHoras", "CalculoHoras\CalculoHoras.csproj", "{FBCF9243-C8FC-4FDC-9CD6-E79FB897177C}"
EndProject
Global
	GlobalSection(SolutionConfigurationPlatforms) = preSolution
		Debug|Any CPU = Debug|Any CPU
		Release|Any CPU = Release|Any CPU
	EndGlobalSection
	GlobalSection(ProjectConfigurationPlatforms) = postSolution
		{FBCF9243-C8FC-4FDC-9CD6-E79FB897177C}.Debug|Any CPU.ActiveCfg = Debug|Any CPU
		{FBCF9243-C8FC-4FDC-9CD6-E79FB897177C}.Debug|Any CPU.Build.0 = Debug|Any CPU
		{FBCF9243-C8FC-4FDC-9CD6-E79FB897177C}.Release|Any CPU.ActiveCfg = Release|Any CPU
		{FBCF9243-C8FC-4FDC-9CD6-E79FB897177C}.Release|Any CPU.Build.0 = Release|Any CPU
	EndGlobalSection
	GlobalSection(SolutionProperties) = preSolution
		HideSolutionNode = FALSE
	EndGlobalSection
	GlobalSection(ExtensibilityGlobals) = postSolution
		SolutionGuid = {455FDC94-67E2-4581-9FD3-0B9092D97F06}
	EndGlobalSection
EndGlobal
